
Microsoft Visual Studio Solution File, Format Version 12.00
# Visual Studio Version 17
VisualStudioVersion = 17.8.34330.188
MinimumVisualStudioVersion = 10.0.40219.1
Project("{FAE04EC0-301F-11D3-BF4B-00C04F79EFBC}") = "PlaylistPro", "PlaylistPro\PlaylistPro.csproj", "{6210C882-C8C1-404E-97BE-72FE6AB9F30B}"
EndProject
Project("{FAE04EC0-301F-11D3-BF4B-00C04F79EFBC}") = "SongFinder", "SongFinder\SongFinder.csproj", "{21B7AB30-5306-4354-9553-B47F5D640160}"
EndProject
Project("{FAE04EC0-301F-11D3-BF4B-00C04F79EFBC}") = "PlaylistPro.Test", "PlaylistPro.Test\PlaylistPro.Test.csproj", "{ACCE10D8-CD10-483D-A7F3-1AF7CAE7D1CA}"
EndProject
Global
	GlobalSection(SolutionConfigurationPlatforms) = preSolution
		Debug|Any CPU = Debug|Any CPU
		Release|Any CPU = Release|Any CPU
	EndGlobalSection
	GlobalSection(ProjectConfigurationPlatforms) = postSolution
		{6210C882-C8C1-404E-97BE-72FE6AB9F30B}.Debug|Any CPU.ActiveCfg = Debug|Any CPU
		{6210C882-C8C1-404E-97BE-72FE6AB9F30B}.Debug|Any CPU.Build.0 = Debug|Any CPU
		{6210C882-C8C1-404E-97BE-72FE6AB9F30B}.Release|Any CPU.ActiveCfg = Release|Any CPU
		{6210C882-C8C1-404E-97BE-72FE6AB9F30B}.Release|Any CPU.Build.0 = Release|Any CPU
		{21B7AB30-5306-4354-9553-B47F5D640160}.Debug|Any CPU.ActiveCfg = Debug|Any CPU
		{21B7AB30-5306-4354-9553-B47F5D640160}.Debug|Any CPU.Build.0 = Debug|Any CPU
		{21B7AB30-5306-4354-9553-B47F5D640160}.Release|Any CPU.ActiveCfg = Release|Any CPU
		{21B7AB30-5306-4354-9553-B47F5D640160}.Release|Any CPU.Build.0 = Release|Any CPU
		{ACCE10D8-CD10-483D-A7F3-1AF7CAE7D1CA}.Debug|Any CPU.ActiveCfg = Debug|Any CPU
		{ACCE10D8-CD10-483D-A7F3-1AF7CAE7D1CA}.Debug|Any CPU.Build.0 = Debug|Any CPU
		{ACCE10D8-CD10-483D-A7F3-1AF7CAE7D1CA}.Release|Any CPU.ActiveCfg = Release|Any CPU
		{ACCE10D8-CD10-483D-A7F3-1AF7CAE7D1CA}.Release|Any CPU.Build.0 = Release|Any CPU
	EndGlobalSection
	GlobalSection(SolutionProperties) = preSolution
		HideSolutionNode = FALSE
	EndGlobalSection
	GlobalSection(ExtensibilityGlobals) = postSolution
		SolutionGuid = {D08BB5D8-50A6-496D-8046-71C1CC4FE880}
	EndGlobalSection
EndGlobal
